# THIS IS AN AUTOGENERATED FILE. DO NOT EDIT THIS FILE DIRECTLY.
# yarn lockfile v1


"@hocuspocus/common@^1.1.1":
  version "1.1.1"
  resolved "https://registry.yarnpkg.com/@hocuspocus/common/-/common-1.1.1.tgz#a6e2f986b3787e8135162352b89c43057b5ad8bf"
  integrity sha512-bCzj/EkUiWi4VWRefJq6hoAYgWthRscBt65zIee0FR7X+xbtkYSGGtyA9A+e/YPqb+uynbw721WSgxnkpW7XmQ==
  dependencies:
    lib0 "^0.2.47"

"@hocuspocus/server@^1.1.1":
  version "1.1.1"
  resolved "https://registry.yarnpkg.com/@hocuspocus/server/-/server-1.1.1.tgz#21db0888098a1826718def37fa05a13e9742ef55"
  integrity sha512-Tw6pGX4PResKyj5sK+DJFuTWm/mmHY1c+03QopEqdC4kV7sz10UJiCwWg9PLyW03E93W5VlwUbRzxUN4Mkj1Ag==
  dependencies:
    "@hocuspocus/common" "^1.1.1"
    "@types/async-lock" "^1.1.3"
    "@types/uuid" "^9.0.0"
    "@types/ws" "^8.5.3"
    async-lock "^1.3.1"
    kleur "^4.1.4"
    lib0 "^0.2.46"
    uuid "^9.0.0"
    ws "^8.5.0"

"@types/async-lock@^1.1.3":
  version "1.4.0"
  resolved "https://registry.yarnpkg.com/@types/async-lock/-/async-lock-1.4.0.tgz#e7d555d037f93e911d54000acb626e783ff9023a"
  integrity sha512-2+rYSaWrpdbQG3SA0LmMT6YxWLrI81AqpMlSkw3QtFc2HGDufkweQSn30Eiev7x9LL0oyFrBqk1PXOnB9IEgKg==

"@types/node@*":
  version "18.15.10"
  resolved "https://registry.yarnpkg.com/@types/node/-/node-18.15.10.tgz#4ee2171c3306a185d1208dad5f44dae3dee4cfe3"
  integrity sha512-9avDaQJczATcXgfmMAW3MIWArOO7A+m90vuCFLr8AotWf8igO/mRoYukrk2cqZVtv38tHs33retzHEilM7FpeQ==

"@types/uuid@^9.0.0":
  version "9.0.1"
  resolved "https://registry.yarnpkg.com/@types/uuid/-/uuid-9.0.1.tgz#98586dc36aee8dacc98cc396dbca8d0429647aa6"
  integrity sha512-rFT3ak0/2trgvp4yYZo5iKFEPsET7vKydKF+VRCxlQ9bpheehyAJH89dAkaLEq/j/RZXJIqcgsmPJKUP1Z28HA==

"@types/ws@^8.5.3":
  version "8.5.4"
  resolved "https://registry.yarnpkg.com/@types/ws/-/ws-8.5.4.tgz#bb10e36116d6e570dd943735f86c933c1587b8a5"
  integrity sha512-zdQDHKUgcX/zBc4GrwsE/7dVdAD8JR4EuiAXiiUhhfyIJXXb2+PrGshFyeXWQPMmmZ2XxgaqclgpIC7eTXc1mg==
  dependencies:
    "@types/node" "*"

async-lock@^1.3.1:
  version "1.4.0"
  resolved "https://registry.yarnpkg.com/async-lock/-/async-lock-1.4.0.tgz#c8b6630eff68fbbdd8a5b6eb763dac3bfbb8bf02"
  integrity sha512-coglx5yIWuetakm3/1dsX9hxCNox22h7+V80RQOu2XUUMidtArxKoZoOtHUPuR84SycKTXzgGzAUR5hJxujyJQ==

isomorphic.js@^0.2.4:
  version "0.2.5"
  resolved "https://registry.yarnpkg.com/isomorphic.js/-/isomorphic.js-0.2.5.tgz#13eecf36f2dba53e85d355e11bf9d4208c6f7f88"
  integrity sha512-PIeMbHqMt4DnUP3MA/Flc0HElYjMXArsw1qwJZcm9sqR8mq3l8NYizFMty0pWwE/tzIGH3EKK5+jes5mAr85yw==

kleur@^4.1.4:
  version "4.1.5"
  resolved "https://registry.yarnpkg.com/kleur/-/kleur-4.1.5.tgz#95106101795f7050c6c650f350c683febddb1780"
  integrity sha512-o+NO+8WrRiQEE4/7nwRJhN1HWpVmJm511pBHUxPLtp0BUISzlBplORYSmTclCnJvQq2tKu/sgl3xVpkc7ZWuQQ==

lib0@^0.2.42, lib0@^0.2.46, lib0@^0.2.47, lib0@^0.2.72:
  version "0.2.73"
  resolved "https://registry.yarnpkg.com/lib0/-/lib0-0.2.73.tgz#af7d7ce9ad523fa3e241d437cc3ab1862f9a1f29"
  integrity sha512-aJJIElCLWnHMcYZPtsM07QoSfHwpxCy4VUzBYGXFYEmh/h2QS5uZNbCCfL0CqnkOE30b7Tp9DVfjXag+3qzZjQ==
  dependencies:
    isomorphic.js "^0.2.4"

uuid@^9.0.0:
  version "9.0.0"
  resolved "https://registry.yarnpkg.com/uuid/-/uuid-9.0.0.tgz#592f550650024a38ceb0c562f2f6aa435761efb5"
  integrity sha512-MXcSTerfPa4uqyzStbRoTgt5XIe3x5+42+q1sDuy3R5MDk66URdLMOZe5aPX/SQd+kuYAh0FdP/pO28IkQyTeg==

ws@^8.5.0:
  version "8.13.0"
  resolved "https://registry.yarnpkg.com/ws/-/ws-8.13.0.tgz#9a9fb92f93cf41512a0735c8f4dd09b8a1211cd0"
  integrity sha512-x9vcZYTrFPC7aSIbj7sRCYo7L/Xb8Iy+pW0ng0wt2vCJv7M9HOMy0UoN3rr+IFC7hb7vXoqS+P9ktyLLLhO+LA==

y-protocols@^1.0.5:
  version "1.0.5"
  resolved "https://registry.yarnpkg.com/y-protocols/-/y-protocols-1.0.5.tgz#91d574250060b29fcac8f8eb5e276fbad594245e"
  integrity sha512-Wil92b7cGk712lRHDqS4T90IczF6RkcvCwAD0A2OPg+adKmOe+nOiT/N2hvpQIWS3zfjmtL4CPaH5sIW1Hkm/A==
  dependencies:
    lib0 "^0.2.42"

yjs@^13.5.51:
  version "13.5.51"
  resolved "https://registry.yarnpkg.com/yjs/-/yjs-13.5.51.tgz#afd5a26a230498c3b4bf8fee9c8dbeea71ef7e5c"
  integrity sha512-F1Nb3z3TdandD80IAeQqgqy/2n9AhDLcXoBhZvCUX1dNVe0ef7fIwi6MjSYaGAYF2Ev8VcLcsGnmuGGOl7AWbw==
  dependencies:
    lib0 "^0.2.72"
